
Microsoft Visual Studio Solution File, Format Version 12.00
# Visual Studio 15
VisualStudioVersion = 15.0.26430.12
MinimumVisualStudioVersion = 10.0.40219.1
Project("{FAE04EC0-301F-11D3-BF4B-00C04F79EFBC}") = "SignaturePadWizardDemo.Android", "SignaturePadWizardDemo\SignaturePadWizardDemo.Android\SignaturePadWizardDemo.Android.csproj", "{76627810-A898-4D16-80BD-4186877CDC8D}"
EndProject
Project("{FAE04EC0-301F-11D3-BF4B-00C04F79EFBC}") = "SignaturePadWizardDemo", "SignaturePadWizardDemo\SignaturePadWizardDemo\SignaturePadWizardDemo.csproj", "{5AE20DA9-1F0D-4135-89FF-E29269FC6147}"
EndProject
Project("{FAE04EC0-301F-11D3-BF4B-00C04F79EFBC}") = "SignaturePadWizardDemo.UWP", "SignaturePadWizardDemo\SignaturePadWizardDemo.UWP\SignaturePadWizardDemo.UWP.csproj", "{8CCC4792-E7D3-4509-9BB3-0DE6FE55E90E}"
EndProject
Project("{FAE04EC0-301F-11D3-BF4B-00C04F79EFBC}") = "SignaturePadWizardDemo.iOS", "SignaturePadWizardDemo\SignaturePadWizardDemo.iOS\SignaturePadWizardDemo.iOS.csproj", "{08D00AC0-884D-40BD-BC5A-105B54F0BBCA}"
EndProject
Global
	GlobalSection(SolutionConfigurationPlatforms) = preSolution
		Debug|Any CPU = Debug|Any CPU
		Debug|ARM = Debug|ARM
		Debug|iPhone = Debug|iPhone
		Debug|iPhoneSimulator = Debug|iPhoneSimulator
		Debug|x64 = Debug|x64
		Debug|x86 = Debug|x86
		Release|Any CPU = Release|Any CPU
		Release|ARM = Release|ARM
		Release|iPhone = Release|iPhone
		Release|iPhoneSimulator = Release|iPhoneSimulator
		Release|x64 = Release|x64
		Release|x86 = Release|x86
	EndGlobalSection
	GlobalSection(ProjectConfigurationPlatforms) = postSolution
		{76627810-A898-4D16-80BD-4186877CDC8D}.Debug|Any CPU.ActiveCfg = Debug|Any CPU
		{76627810-A898-4D16-80BD-4186877CDC8D}.Debug|Any CPU.Build.0 = Debug|Any CPU
		{76627810-A898-4D16-80BD-4186877CDC8D}.Debug|Any CPU.Deploy.0 = Debug|Any CPU
		{76627810-A898-4D16-80BD-4186877CDC8D}.Debug|ARM.ActiveCfg = Debug|Any CPU
		{76627810-A898-4D16-80BD-4186877CDC8D}.Debug|ARM.Build.0 = Debug|Any CPU
		{76627810-A898-4D16-80BD-4186877CDC8D}.Debug|ARM.Deploy.0 = Debug|Any CPU
		{76627810-A898-4D16-80BD-4186877CDC8D}.Debug|iPhone.ActiveCfg = Debug|Any CPU
		{76627810-A898-4D16-80BD-4186877CDC8D}.Debug|iPhone.Build.0 = Debug|Any CPU
		{76627810-A898-4D16-80BD-4186877CDC8D}.Debug|iPhone.Deploy.0 = Debug|Any CPU
		{76627810-A898-4D16-80BD-4186877CDC8D}.Debug|iPhoneSimulator.ActiveCfg = Debug|Any CPU
		{76627810-A898-4D16-80BD-4186877CDC8D}.Debug|iPhoneSimulator.Build.0 = Debug|Any CPU
		{76627810-A898-4D16-80BD-4186877CDC8D}.Debug|iPhoneSimulator.Deploy.0 = Debug|Any CPU
		{76627810-A898-4D16-80BD-4186877CDC8D}.Debug|x64.ActiveCfg = Debug|Any CPU
		{76627810-A898-4D16-80BD-4186877CDC8D}.Debug|x64.Build.0 = Debug|Any CPU
		{76627810-A898-4D16-80BD-4186877CDC8D}.Debug|x64.Deploy.0 = Debug|Any CPU
		{76627810-A898-4D16-80BD-4186877CDC8D}.Debug|x86.ActiveCfg = Debug|Any CPU
		{76627810-A898-4D16-80BD-4186877CDC8D}.Debug|x86.Build.0 = Debug|Any CPU
		{76627810-A898-4D16-80BD-4186877CDC8D}.Debug|x86.Deploy.0 = Debug|Any CPU
		{76627810-A898-4D16-80BD-4186877CDC8D}.Release|Any CPU.ActiveCfg = Release|Any CPU
		{76627810-A898-4D16-80BD-4186877CDC8D}.Release|Any CPU.Build.0 = Release|Any CPU
		{76627810-A898-4D16-80BD-4186877CDC8D}.Release|Any CPU.Deploy.0 = Release|Any CPU
		{76627810-A898-4D16-80BD-4186877CDC8D}.Release|ARM.ActiveCfg = Release|Any CPU
		{76627810-A898-4D16-80BD-4186877CDC8D}.Release|ARM.Build.0 = Release|Any CPU
		{76627810-A898-4D16-80BD-4186877CDC8D}.Release|ARM.Deploy.0 = Release|Any CPU
		{76627810-A898-4D16-80BD-4186877CDC8D}.Release|iPhone.ActiveCfg = Release|Any CPU
		{76627810-A898-4D16-80BD-4186877CDC8D}.Release|iPhone.Build.0 = Release|Any CPU
		{76627810-A898-4D16-80BD-4186877CDC8D}.Release|iPhone.Deploy.0 = Release|Any CPU
		{76627810-A898-4D16-80BD-4186877CDC8D}.Release|iPhoneSimulator.ActiveCfg = Release|Any CPU
		{76627810-A898-4D16-80BD-4186877CDC8D}.Release|iPhoneSimulator.Build.0 = Release|Any CPU
		{76627810-A898-4D16-80BD-4186877CDC8D}.Release|iPhoneSimulator.Deploy.0 = Release|Any CPU
		{76627810-A898-4D16-80BD-4186877CDC8D}.Release|x64.ActiveCfg = Release|Any CPU
		{76627810-A898-4D16-80BD-4186877CDC8D}.Release|x64.Build.0 = Release|Any CPU
		{76627810-A898-4D16-80BD-4186877CDC8D}.Release|x64.Deploy.0 = Release|Any CPU
		{76627810-A898-4D16-80BD-4186877CDC8D}.Release|x86.ActiveCfg = Release|Any CPU
		{76627810-A898-4D16-80BD-4186877CDC8D}.Release|x86.Build.0 = Release|Any CPU
		{76627810-A898-4D16-80BD-4186877CDC8D}.Release|x86.Deploy.0 = Release|Any CPU
		{5AE20DA9-1F0D-4135-89FF-E29269FC6147}.Debug|Any CPU.ActiveCfg = Debug|Any CPU
		{5AE20DA9-1F0D-4135-89FF-E29269FC6147}.Debug|Any CPU.Build.0 = Debug|Any CPU
		{5AE20DA9-1F0D-4135-89FF-E29269FC6147}.Debug|ARM.ActiveCfg = Debug|Any CPU
		{5AE20DA9-1F0D-4135-89FF-E29269FC6147}.Debug|ARM.Build.0 = Debug|Any CPU
		{5AE20DA9-1F0D-4135-89FF-E29269FC6147}.Debug|iPhone.ActiveCfg = Debug|Any CPU
		{5AE20DA9-1F0D-4135-89FF-E29269FC6147}.Debug|iPhone.Build.0 = Debug|Any CPU
		{5AE20DA9-1F0D-4135-89FF-E29269FC6147}.Debug|iPhoneSimulator.ActiveCfg = Debug|Any CPU
		{5AE20DA9-1F0D-4135-89FF-E29269FC6147}.Debug|iPhoneSimulator.Build.0 = Debug|Any CPU
		{5AE20DA9-1F0D-4135-89FF-E29269FC6147}.Debug|x64.ActiveCfg = Debug|Any CPU
		{5AE20DA9-1F0D-4135-89FF-E29269FC6147}.Debug|x64.Build.0 = Debug|Any CPU
		{5AE20DA9-1F0D-4135-89FF-E29269FC6147}.Debug|x86.ActiveCfg = Debug|Any CPU
		{5AE20DA9-1F0D-4135-89FF-E29269FC6147}.Debug|x86.Build.0 = Debug|Any CPU
		{5AE20DA9-1F0D-4135-89FF-E29269FC6147}.Release|Any CPU.ActiveCfg = Release|Any CPU
		{5AE20DA9-1F0D-4135-89FF-E29269FC6147}.Release|Any CPU.Build.0 = Release|Any CPU
		{5AE20DA9-1F0D-4135-89FF-E29269FC6147}.Release|ARM.ActiveCfg = Release|Any CPU
		{5AE20DA9-1F0D-4135-89FF-E29269FC6147}.Release|ARM.Build.0 = Release|Any CPU
		{5AE20DA9-1F0D-4135-89FF-E29269FC6147}.Release|iPhone.ActiveCfg = Release|Any CPU
		{5AE20DA9-1F0D-4135-89FF-E29269FC6147}.Release|iPhone.Build.0 = Release|Any CPU
		{5AE20DA9-1F0D-4135-89FF-E29269FC6147}.Release|iPhoneSimulator.ActiveCfg = Release|Any CPU
		{5AE20DA9-1F0D-4135-89FF-E29269FC6147}.Release|iPhoneSimulator.Build.0 = Release|Any CPU
		{5AE20DA9-1F0D-4135-89FF-E29269FC6147}.Release|x64.ActiveCfg = Release|Any CPU
		{5AE20DA9-1F0D-4135-89FF-E29269FC6147}.Release|x64.Build.0 = Release|Any CPU
		{5AE20DA9-1F0D-4135-89FF-E29269FC6147}.Release|x86.ActiveCfg = Release|Any CPU
		{5AE20DA9-1F0D-4135-89FF-E29269FC6147}.Release|x86.Build.0 = Release|Any CPU
		{8CCC4792-E7D3-4509-9BB3-0DE6FE55E90E}.Debug|Any CPU.ActiveCfg = Debug|x86
		{8CCC4792-E7D3-4509-9BB3-0DE6FE55E90E}.Debug|Any CPU.Build.0 = Debug|x86
		{8CCC4792-E7D3-4509-9BB3-0DE6FE55E90E}.Debug|Any CPU.Deploy.0 = Debug|x86
		{8CCC4792-E7D3-4509-9BB3-0DE6FE55E90E}.Debug|ARM.ActiveCfg = Debug|ARM
		{8CCC4792-E7D3-4509-9BB3-0DE6FE55E90E}.Debug|ARM.Build.0 = Debug|ARM
		{8CCC4792-E7D3-4509-9BB3-0DE6FE55E90E}.Debug|ARM.Deploy.0 = Debug|ARM
		{8CCC4792-E7D3-4509-9BB3-0DE6FE55E90E}.Debug|iPhone.ActiveCfg = Debug|ARM
		{8CCC4792-E7D3-4509-9BB3-0DE6FE55E90E}.Debug|iPhone.Build.0 = Debug|ARM
		{8CCC4792-E7D3-4509-9BB3-0DE6FE55E90E}.Debug|iPhone.Deploy.0 = Debug|ARM
		{8CCC4792-E7D3-4509-9BB3-0DE6FE55E90E}.Debug|iPhoneSimulator.ActiveCfg = Debug|x86
		{8CCC4792-E7D3-4509-9BB3-0DE6FE55E90E}.Debug|iPhoneSimulator.Build.0 = Debug|x86
		{8CCC4792-E7D3-4509-9BB3-0DE6FE55E90E}.Debug|iPhoneSimulator.Deploy.0 = Debug|x86
		{8CCC4792-E7D3-4509-9BB3-0DE6FE55E90E}.Debug|x64.ActiveCfg = Debug|x64
		{8CCC4792-E7D3-4509-9BB3-0DE6FE55E90E}.Debug|x64.Build.0 = Debug|x64
		{8CCC4792-E7D3-4509-9BB3-0DE6FE55E90E}.Debug|x64.Deploy.0 = Debug|x64
		{8CCC4792-E7D3-4509-9BB3-0DE6FE55E90E}.Debug|x86.ActiveCfg = Debug|x86
		{8CCC4792-E7D3-4509-9BB3-0DE6FE55E90E}.Debug|x86.Build.0 = Debug|x86
		{8CCC4792-E7D3-4509-9BB3-0DE6FE55E90E}.Debug|x86.Deploy.0 = Debug|x86
		{8CCC4792-E7D3-4509-9BB3-0DE6FE55E90E}.Release|Any CPU.ActiveCfg = Release|x86
		{8CCC4792-E7D3-4509-9BB3-0DE6FE55E90E}.Release|Any CPU.Build.0 = Release|x86
		{8CCC4792-E7D3-4509-9BB3-0DE6FE55E90E}.Release|Any CPU.Deploy.0 = Release|x86
		{8CCC4792-E7D3-4509-9BB3-0DE6FE55E90E}.Release|ARM.ActiveCfg = Release|ARM
		{8CCC4792-E7D3-4509-9BB3-0DE6FE55E90E}.Release|ARM.Build.0 = Release|ARM
		{8CCC4792-E7D3-4509-9BB3-0DE6FE55E90E}.Release|ARM.Deploy.0 = Release|ARM
		{8CCC4792-E7D3-4509-9BB3-0DE6FE55E90E}.Release|iPhone.ActiveCfg = Release|ARM
		{8CCC4792-E7D3-4509-9BB3-0DE6FE55E90E}.Release|iPhone.Build.0 = Release|ARM
		{8CCC4792-E7D3-4509-9BB3-0DE6FE55E90E}.Release|iPhone.Deploy.0 = Release|ARM
		{8CCC4792-E7D3-4509-9BB3-0DE6FE55E90E}.Release|iPhoneSimulator.ActiveCfg = Release|x86
		{8CCC4792-E7D3-4509-9BB3-0DE6FE55E90E}.Release|iPhoneSimulator.Build.0 = Release|x86
		{8CCC4792-E7D3-4509-9BB3-0DE6FE55E90E}.Release|iPhoneSimulator.Deploy.0 = Release|x86
		{8CCC4792-E7D3-4509-9BB3-0DE6FE55E90E}.Release|x64.ActiveCfg = Release|x64
		{8CCC4792-E7D3-4509-9BB3-0DE6FE55E90E}.Release|x64.Build.0 = Release|x64
		{8CCC4792-E7D3-4509-9BB3-0DE6FE55E90E}.Release|x64.Deploy.0 = Release|x64
		{8CCC4792-E7D3-4509-9BB3-0DE6FE55E90E}.Release|x86.ActiveCfg = Release|x86
		{8CCC4792-E7D3-4509-9BB3-0DE6FE55E90E}.Release|x86.Build.0 = Release|x86
		{8CCC4792-E7D3-4509-9BB3-0DE6FE55E90E}.Release|x86.Deploy.0 = Release|x86
		{08D00AC0-884D-40BD-BC5A-105B54F0BBCA}.Debug|Any CPU.ActiveCfg = Debug|iPhoneSimulator
		{08D00AC0-884D-40BD-BC5A-105B54F0BBCA}.Debug|Any CPU.Build.0 = Debug|iPhoneSimulator
		{08D00AC0-884D-40BD-BC5A-105B54F0BBCA}.Debug|ARM.ActiveCfg = Debug|iPhone
		{08D00AC0-884D-40BD-BC5A-105B54F0BBCA}.Debug|ARM.Build.0 = Debug|iPhone
		{08D00AC0-884D-40BD-BC5A-105B54F0BBCA}.Debug|iPhone.ActiveCfg = Debug|iPhone
		{08D00AC0-884D-40BD-BC5A-105B54F0BBCA}.Debug|iPhone.Build.0 = Debug|iPhone
		{08D00AC0-884D-40BD-BC5A-105B54F0BBCA}.Debug|iPhoneSimulator.ActiveCfg = Debug|iPhoneSimulator
		{08D00AC0-884D-40BD-BC5A-105B54F0BBCA}.Debug|iPhoneSimulator.Build.0 = Debug|iPhoneSimulator
		{08D00AC0-884D-40BD-BC5A-105B54F0BBCA}.Debug|x64.ActiveCfg = Debug|iPhoneSimulator
		{08D00AC0-884D-40BD-BC5A-105B54F0BBCA}.Debug|x64.Build.0 = Debug|iPhoneSimulator
		{08D00AC0-884D-40BD-BC5A-105B54F0BBCA}.Debug|x86.ActiveCfg = Debug|iPhoneSimulator
		{08D00AC0-884D-40BD-BC5A-105B54F0BBCA}.Debug|x86.Build.0 = Debug|iPhoneSimulator
		{08D00AC0-884D-40BD-BC5A-105B54F0BBCA}.Release|Any CPU.ActiveCfg = Release|iPhoneSimulator
		{08D00AC0-884D-40BD-BC5A-105B54F0BBCA}.Release|Any CPU.Build.0 = Release|iPhoneSimulator
		{08D00AC0-884D-40BD-BC5A-105B54F0BBCA}.Release|ARM.ActiveCfg = Release|iPhone
		{08D00AC0-884D-40BD-BC5A-105B54F0BBCA}.Release|ARM.Build.0 = Release|iPhone
		{08D00AC0-884D-40BD-BC5A-105B54F0BBCA}.Release|iPhone.ActiveCfg = Release|iPhone
		{08D00AC0-884D-40BD-BC5A-105B54F0BBCA}.Release|iPhone.Build.0 = Release|iPhone
		{08D00AC0-884D-40BD-BC5A-105B54F0BBCA}.Release|iPhoneSimulator.ActiveCfg = Release|iPhoneSimulator
		{08D00AC0-884D-40BD-BC5A-105B54F0BBCA}.Release|iPhoneSimulator.Build.0 = Release|iPhoneSimulator
		{08D00AC0-884D-40BD-BC5A-105B54F0BBCA}.Release|x64.ActiveCfg = Release|iPhoneSimulator
		{08D00AC0-884D-40BD-BC5A-105B54F0BBCA}.Release|x64.Build.0 = Release|iPhoneSimulator
		{08D00AC0-884D-40BD-BC5A-105B54F0BBCA}.Release|x86.ActiveCfg = Release|iPhoneSimulator
		{08D00AC0-884D-40BD-BC5A-105B54F0BBCA}.Release|x86.Build.0 = Release|iPhoneSimulator
	EndGlobalSection
	GlobalSection(SolutionProperties) = preSolution
		HideSolutionNode = FALSE
	EndGlobalSection
EndGlobal
